
Microsoft Visual Studio Solution File, Format Version 12.00
# Visual Studio 15
VisualStudioVersion = 15.0.27703.2000
MinimumVisualStudioVersion = 10.0.40219.1
Project("{8BC9CEB8-8B4A-11D0-8D11-00A0C91BC942}") = "ConsoleApplication1", "ConsoleApplication1\ConsoleApplication1.vcxproj", "{B62F1589-F5C7-4FD2-B190-D81BD5F509E5}"
EndProject
Project("{FAE04EC0-301F-11D3-BF4B-00C04F79EFBC}") = "ChartView", "ChartView\ChartView.csproj", "{9E2AE7FB-54A1-4B75-93AD-1E8A5841C40E}"
EndProject
Global
	GlobalSection(SolutionConfigurationPlatforms) = preSolution
		Debug|Any CPU = Debug|Any CPU
		Debug|x64 = Debug|x64
		Debug|x86 = Debug|x86
		Release|Any CPU = Release|Any CPU
		Release|x64 = Release|x64
		Release|x86 = Release|x86
	EndGlobalSection
	GlobalSection(ProjectConfigurationPlatforms) = postSolution
		{B62F1589-F5C7-4FD2-B190-D81BD5F509E5}.Debug|Any CPU.ActiveCfg = Debug|Win32
		{B62F1589-F5C7-4FD2-B190-D81BD5F509E5}.Debug|x64.ActiveCfg = Debug|x64
		{B62F1589-F5C7-4FD2-B190-D81BD5F509E5}.Debug|x64.Build.0 = Debug|x64
		{B62F1589-F5C7-4FD2-B190-D81BD5F509E5}.Debug|x86.ActiveCfg = Debug|Win32
		{B62F1589-F5C7-4FD2-B190-D81BD5F509E5}.Debug|x86.Build.0 = Debug|Win32
		{B62F1589-F5C7-4FD2-B190-D81BD5F509E5}.Release|Any CPU.ActiveCfg = Release|Win32
		{B62F1589-F5C7-4FD2-B190-D81BD5F509E5}.Release|x64.ActiveCfg = Release|x64
		{B62F1589-F5C7-4FD2-B190-D81BD5F509E5}.Release|x64.Build.0 = Release|x64
		{B62F1589-F5C7-4FD2-B190-D81BD5F509E5}.Release|x86.ActiveCfg = Release|Win32
		{B62F1589-F5C7-4FD2-B190-D81BD5F509E5}.Release|x86.Build.0 = Release|Win32
		{9E2AE7FB-54A1-4B75-93AD-1E8A5841C40E}.Debug|Any CPU.ActiveCfg = Debug|Any CPU
		{9E2AE7FB-54A1-4B75-93AD-1E8A5841C40E}.Debug|Any CPU.Build.0 = Debug|Any CPU
		{9E2AE7FB-54A1-4B75-93AD-1E8A5841C40E}.Debug|x64.ActiveCfg = Debug|Any CPU
		{9E2AE7FB-54A1-4B75-93AD-1E8A5841C40E}.Debug|x64.Build.0 = Debug|Any CPU
		{9E2AE7FB-54A1-4B75-93AD-1E8A5841C40E}.Debug|x86.ActiveCfg = Debug|Any CPU
		{9E2AE7FB-54A1-4B75-93AD-1E8A5841C40E}.Debug|x86.Build.0 = Debug|Any CPU
		{9E2AE7FB-54A1-4B75-93AD-1E8A5841C40E}.Release|Any CPU.ActiveCfg = Release|Any CPU
		{9E2AE7FB-54A1-4B75-93AD-1E8A5841C40E}.Release|Any CPU.Build.0 = Release|Any CPU
		{9E2AE7FB-54A1-4B75-93AD-1E8A5841C40E}.Release|x64.ActiveCfg = Release|Any CPU
		{9E2AE7FB-54A1-4B75-93AD-1E8A5841C40E}.Release|x64.Build.0 = Release|Any CPU
		{9E2AE7FB-54A1-4B75-93AD-1E8A5841C40E}.Release|x86.ActiveCfg = Release|Any CPU
		{9E2AE7FB-54A1-4B75-93AD-1E8A5841C40E}.Release|x86.Build.0 = Release|Any CPU
	EndGlobalSection
	GlobalSection(SolutionProperties) = preSolution
		HideSolutionNode = FALSE
	EndGlobalSection
	GlobalSection(ExtensibilityGlobals) = postSolution
		SolutionGuid = {B4B90EF5-4B5A-4807-87BA-DED462BCDC24}
	EndGlobalSection
EndGlobal
